[{<<"cowboy">>,
  {git,"git://github.com/extend/cowboy.git",
       {ref,"c998673eb009da2ea4dc0e6ef0332534cf679cc4"}},
  0},
 {<<"cowlib">>,
  {git,"https://github.com/ninenines/cowlib",
       {ref,"106ba84bb04537879d8ce59321a04e0682110b91"}},
  1},
 {<<"jsone">>,
  {git,"https://github.com/sile/jsone.git",
       {ref,"9db23530b92fc53154bf3711a05869cebaccddf4"}},
  0},
 {<<"ranch">>,
  {git,"https://github.com/ninenines/ranch",
       {ref,"9b8ed47d789412b0021bfc1f94f1c17c387c721c"}},
  1}].
